
Microsoft Visual Studio Solution File, Format Version 12.00
# Visual Studio Version 17
VisualStudioVersion = 17.4.33110.190
MinimumVisualStudioVersion = 10.0.40219.1
Project("{FAE04EC0-301F-11D3-BF4B-00C04F79EFBC}") = "TicketMachine", "TicketMachine\TicketMachine.csproj", "{141B4686-1D76-40CD-9D85-B81789030F95}"
EndProject
Global
	GlobalSection(SolutionConfigurationPlatforms) = preSolution
		Debug|Any CPU = Debug|Any CPU
		Release|Any CPU = Release|Any CPU
	EndGlobalSection
	GlobalSection(ProjectConfigurationPlatforms) = postSolution
		{141B4686-1D76-40CD-9D85-B81789030F95}.Debug|Any CPU.ActiveCfg = Debug|Any CPU
		{141B4686-1D76-40CD-9D85-B81789030F95}.Debug|Any CPU.Build.0 = Debug|Any CPU
		{141B4686-1D76-40CD-9D85-B81789030F95}.Release|Any CPU.ActiveCfg = Release|Any CPU
		{141B4686-1D76-40CD-9D85-B81789030F95}.Release|Any CPU.Build.0 = Release|Any CPU
	EndGlobalSection
	GlobalSection(SolutionProperties) = preSolution
		HideSolutionNode = FALSE
	EndGlobalSection
	GlobalSection(ExtensibilityGlobals) = postSolution
		SolutionGuid = {C879629E-E1E9-4E26-98CA-101104E04796}
	EndGlobalSection
EndGlobal
